
Microsoft Visual Studio Solution File, Format Version 12.00
# Visual Studio Version 17
VisualStudioVersion = 17.8.34316.72
MinimumVisualStudioVersion = 10.0.40219.1
Project("{9A19103F-16F7-4668-BE54-9A1E7A4F7556}") = "MyAspNetCore8App", "MyAspNetCore8App\MyAspNetCore8App.csproj", "{D7E54F68-BBEE-4F1F-8A43-E8379767EDD4}"
EndProject
Project("{2150E333-8FDC-42A3-9474-1A3956D46DE8}") = "ソリューション項目", "ソリューション項目", "{AEF18B78-0A4F-4354-9211-CF1A1D7BECA0}"
	ProjectSection(SolutionItems) = preProject
		.editorconfig = .editorconfig
	EndProjectSection
EndProject
Global
	GlobalSection(SolutionConfigurationPlatforms) = preSolution
		Debug|Any CPU = Debug|Any CPU
		Release|Any CPU = Release|Any CPU
	EndGlobalSection
	GlobalSection(ProjectConfigurationPlatforms) = postSolution
		{D7E54F68-BBEE-4F1F-8A43-E8379767EDD4}.Debug|Any CPU.ActiveCfg = Debug|Any CPU
		{D7E54F68-BBEE-4F1F-8A43-E8379767EDD4}.Debug|Any CPU.Build.0 = Debug|Any CPU
		{D7E54F68-BBEE-4F1F-8A43-E8379767EDD4}.Release|Any CPU.ActiveCfg = Release|Any CPU
		{D7E54F68-BBEE-4F1F-8A43-E8379767EDD4}.Release|Any CPU.Build.0 = Release|Any CPU
	EndGlobalSection
	GlobalSection(SolutionProperties) = preSolution
		HideSolutionNode = FALSE
	EndGlobalSection
	GlobalSection(ExtensibilityGlobals) = postSolution
		SolutionGuid = {3A7E34F1-D9ED-4DEE-BD24-E5AA8103F59D}
	EndGlobalSection
EndGlobal
